{
  "name": "php-cgi-wasm-node-demo",
  "version": "0.0.0",
  "lockfileVersion": 3,
  "requires": true,
  "packages": {
    "": {
      "name": "php-cgi-wasm-node-demo",
      "version": "0.0.0",
      "dependencies": {
        "php-cgi-wasm": "^0.0.0",
        "php-wasm-intl": "^0.0.9",
        "php-wasm-libxml": "^0.0.9-h",
        "php-wasm-mbstring": "^0.0.9-b",
        "php-wasm-phar": "^0.0.9-b",
        "php-wasm-sqlite": "^0.0.9-t"
      }
    },
    "node_modules/php-cgi-wasm": {
      "version": "0.0.0",
      "resolved": "https://registry.npmjs.org/php-cgi-wasm/-/php-cgi-wasm-0.0.0.tgz",
      "integrity": "sha512-/U0s61O3P8evI7C8RYR/v3XClmUxV8ZrXct4x/1Mpe5cCQhwX9qriWbiTGtXc2olWu2HtYJ8OmrVHMFN5RgjGw=="
    },
    "node_modules/php-wasm-libicu": {
      "version": "0.0.9-r",
      "resolved": "https://registry.npmjs.org/php-wasm-libicu/-/php-wasm-libicu-0.0.9-r.tgz",
      "integrity": "sha512-jcUXft2y3XIH1rYQBvnRxOvIXy+B1KfigNCVCz4AWZYFLSRob/ilO/MKi1n2bQZ7ULyUI1Lkul7chk2e5m3gcg=="
    },
    "node_modules/php-wasm-libxml": {
      "version": "0.0.9-h",
      "resolved": "https://registry.npmjs.org/php-wasm-libxml/-/php-wasm-libxml-0.0.9-h.tgz",
      "integrity": "sha512-ootE8z8gj6FYiBw5Rs9gsbJ4jE3NW8dRk5aU9hpM9AV4SzUYaSwDRmc1g0CNWfqogZJBkZs78NuZQ/UpujDORg=="
    },
    "node_modules/php-wasm-mbstring": {
      "version": "0.0.9-b",
      "resolved": "https://registry.npmjs.org/php-wasm-mbstring/-/php-wasm-mbstring-0.0.9-b.tgz",
      "integrity": "sha512-wySoQNJRLRt6dLPHs4OQi3VUE2Opgb7x+2ZkpKkiNhXGG8KAjeXZgnA01PEmm84DwZatScFbnF/LuxeCK9Q65w=="
    },
    "node_modules/php-wasm-phar": {
      "version": "0.0.9-b",
      "resolved": "https://registry.npmjs.org/php-wasm-phar/-/php-wasm-phar-0.0.9-b.tgz",
      "integrity": "sha512-2XHbBpvQ7iKa0ZpBsOKWNlGI4R0gaGaZNemv49JgP2ukygIr9UQOHr9lNCgVZrLlZisxWGoExrCAzmrU7SOAlA=="
    },
    "node_modules/php-wasm-sqlite": {
      "version": "0.0.9-t",
      "resolved": "https://registry.npmjs.org/php-wasm-sqlite/-/php-wasm-sqlite-0.0.9-t.tgz",
      "integrity": "sha512-nXrEhz/j2G5A63vlxV5aRruF2X7LkW8mmcECllzmdR8opJ1Hp88VutjsLKC9EgCtGrrOo4HslmNR3zOUnzEp+g=="
    }
  }
}
