{
  "name": "php-cgi-wasm-node-demo",
  "version": "0.0.0",
  "lockfileVersion": 3,
  "requires": true,
  "packages": {
    "": {
      "name": "php-cgi-wasm-node-demo",
      "version": "0.0.0",
      "dependencies": {
        "php-cgi-wasm": "0.0.9-alpha-17-b",
        "php-wasm-dom": "0.0.9-alpha-17",
        "php-wasm-gd": "0.0.9-alpha-17",
        "php-wasm-iconv": "0.0.9-alpha-17",
        "php-wasm-intl": "0.0.9-alpha-17",
        "php-wasm-libxml": "0.0.9-alpha-17",
        "php-wasm-libzip": "0.0.9-alpha-17",
        "php-wasm-mbstring": "0.0.9-alpha-17",
        "php-wasm-openssl": "0.0.9-alpha-17",
        "php-wasm-phar": "0.0.9-alpha-17",
        "php-wasm-simplexml": "0.0.9-alpha-17",
        "php-wasm-sqlite": "0.0.9-alpha-17",
        "php-wasm-tidy": "0.0.9-alpha-17",
        "php-wasm-xml": "0.0.9-alpha-17",
        "php-wasm-yaml": "0.0.9-alpha-17",
        "php-wasm-zlib": "0.0.9-alpha-17"
      }
    },
    "node_modules/php-cgi-wasm": {
      "version": "0.0.9-alpha-17-b",
      "resolved": "https://registry.npmjs.org/php-cgi-wasm/-/php-cgi-wasm-0.0.9-alpha-17-b.tgz",
      "integrity": "sha512-ejuHuofQfUMIRzEVGsoGubVz4wc8PSMkkCfblbsJNMHsijNdMvOlb8Prsf1k87j4j9BKUQmqA5ijZqv9GFHv/Q=="
    },
    "node_modules/php-wasm-dom": {
      "version": "0.0.9-alpha-17",
      "resolved": "https://registry.npmjs.org/php-wasm-dom/-/php-wasm-dom-0.0.9-alpha-17.tgz",
      "integrity": "sha512-kIs4Azv3R5yZ0WTotrve/qEALdgfU1tlu5/J7/pEk18qRZMP2gdG9HdTDUYQYowyScPGdbxcU8J3VGehuHN9Qg=="
    },
    "node_modules/php-wasm-gd": {
      "version": "0.0.9-alpha-17",
      "resolved": "https://registry.npmjs.org/php-wasm-gd/-/php-wasm-gd-0.0.9-alpha-17.tgz",
      "integrity": "sha512-1GZ752i4PP/0P4cDBecDo2Z43EPvjdpfZ9tJPUPvDkLn9+PNm2SXOUarrC0ypI/Z37M2NdsalDwJ22owwr+8Pw=="
    },
    "node_modules/php-wasm-iconv": {
      "version": "0.0.9-alpha-17",
      "resolved": "https://registry.npmjs.org/php-wasm-iconv/-/php-wasm-iconv-0.0.9-alpha-17.tgz",
      "integrity": "sha512-SKxSMXtXoWqMbJ06sYJKZx9FafWRhNIdtLOV+g0e+wd4EWoqD9AxvnCj/lt3Be7RJGgWFx/i8ZAsQtYsaiDNLw=="
    },
    "node_modules/php-wasm-intl": {
      "version": "0.0.9-alpha-17",
      "resolved": "https://registry.npmjs.org/php-wasm-intl/-/php-wasm-intl-0.0.9-alpha-17.tgz",
      "integrity": "sha512-+M18lK8ndOX4fLSY+iFL5Ubt+U6Dlq+jyOZsmzH+mabqoJ1w9al2idMAqO508pvnUEyK3lY45YmqabdSSKW8cg=="
    },
    "node_modules/php-wasm-libxml": {
      "version": "0.0.9-alpha-17",
      "resolved": "https://registry.npmjs.org/php-wasm-libxml/-/php-wasm-libxml-0.0.9-alpha-17.tgz",
      "integrity": "sha512-bfet6QpCgYH9HsMnm5VymwkrAbd4TRg/XyeZuW3umXHqoRJyy97L+hmB5l2+PYB3PcKFce7tjN6aOltHvcSQ/w=="
    },
    "node_modules/php-wasm-libzip": {
      "version": "0.0.9-alpha-17",
      "resolved": "https://registry.npmjs.org/php-wasm-libzip/-/php-wasm-libzip-0.0.9-alpha-17.tgz",
      "integrity": "sha512-7PWMucVzq0afIYqhhBqGblHxMLD7QqulrIj/FJGf2CZi55I0eqmEdgnBYrJfiRK29PBuDTuxzR/MbtrKJ1+O/Q=="
    },
    "node_modules/php-wasm-mbstring": {
      "version": "0.0.9-alpha-17",
      "resolved": "https://registry.npmjs.org/php-wasm-mbstring/-/php-wasm-mbstring-0.0.9-alpha-17.tgz",
      "integrity": "sha512-PyJT/1k5FUIMJCyxSWSi/msh34ykYZG+KvfHR/Zs8J7+Xpz6Hz19d9q/aL61QsApXlidINYuLl12MuyPKQslSQ=="
    },
    "node_modules/php-wasm-openssl": {
      "version": "0.0.9-alpha-17",
      "resolved": "https://registry.npmjs.org/php-wasm-openssl/-/php-wasm-openssl-0.0.9-alpha-17.tgz",
      "integrity": "sha512-mIs0IzA6EJThwvAno38App2RNKatp5L5ACzrSWsqtltJuvF6YrypAS91Td+4oGR30VAXBAtt/er5CurkT4HhGQ=="
    },
    "node_modules/php-wasm-phar": {
      "version": "0.0.9-alpha-17",
      "resolved": "https://registry.npmjs.org/php-wasm-phar/-/php-wasm-phar-0.0.9-alpha-17.tgz",
      "integrity": "sha512-On9W49hMs3aTbXNhSCnslqn3lH+VSd325I5gSxx9ziqpp8xMmqJKp93SaE7cscKIxHiFEtA4c91Ggwl4DbI+Vg=="
    },
    "node_modules/php-wasm-simplexml": {
      "version": "0.0.9-alpha-17",
      "resolved": "https://registry.npmjs.org/php-wasm-simplexml/-/php-wasm-simplexml-0.0.9-alpha-17.tgz",
      "integrity": "sha512-vYGYDhAAVYUq8nBquJg0VW27r4DqZ4dqNkGGQ88OaCiUUGY36wUAyFFgPET4r4K41TnW8Wb7thQq9wueDzR6/A=="
    },
    "node_modules/php-wasm-sqlite": {
      "version": "0.0.9-alpha-17",
      "resolved": "https://registry.npmjs.org/php-wasm-sqlite/-/php-wasm-sqlite-0.0.9-alpha-17.tgz",
      "integrity": "sha512-dbAGMRIfIsSWd2ciJyfA/LvBoifAT/lfEd2Z2HVUGM50kdVI+OiCgf6kU1C5NiiSeVE1452moD/vXLJ9fkl6gg=="
    },
    "node_modules/php-wasm-tidy": {
      "version": "0.0.9-alpha-17",
      "resolved": "https://registry.npmjs.org/php-wasm-tidy/-/php-wasm-tidy-0.0.9-alpha-17.tgz",
      "integrity": "sha512-nuMFWUhUKp2deLLPEWf9xlywCvht3oRV18UxDxw9HEPhYxOaBr8w3R4TVdzSemsdEeFBdpLdsCU1z+5qq1fVwg=="
    },
    "node_modules/php-wasm-xml": {
      "version": "0.0.9-alpha-17",
      "resolved": "https://registry.npmjs.org/php-wasm-xml/-/php-wasm-xml-0.0.9-alpha-17.tgz",
      "integrity": "sha512-jDN5EfzVCdGGGxrcTZc7Hcfs03h6vFsculUFMojWsdiwAYdX9lXX2PlWvL8AQis9if3J/p5BULrWS7S56cCO9Q=="
    },
    "node_modules/php-wasm-yaml": {
      "version": "0.0.9-alpha-17",
      "resolved": "https://registry.npmjs.org/php-wasm-yaml/-/php-wasm-yaml-0.0.9-alpha-17.tgz",
      "integrity": "sha512-8pXW0aehSnL7GvTHzUJ97jVi3mLKrhTHU4aMHqtL9uXhjJfm5h4k2H7pvA4xKAB2n68UyTPYK++257ZFnDw89A=="
    },
    "node_modules/php-wasm-zlib": {
      "version": "0.0.9-alpha-17",
      "resolved": "https://registry.npmjs.org/php-wasm-zlib/-/php-wasm-zlib-0.0.9-alpha-17.tgz",
      "integrity": "sha512-yjAdvfO7lyLc/lNH0poXtma4ce/tf4IY2P+Vatx/MpHCmqlMz9Y5onOXJttzU0Q3bot8NxtDJXc1iyN8owa3pg=="
    }
  }
}
